{
  "name": "plaits-editor",
  "version": "1.0.0-alpha.1",
  "lockfileVersion": 2,
  "requires": true,
  "packages": {
    "": {
      "name": "plaits-editor",
      "version": "1.0.0-alpha.1",
      "license": "MIT",
      "devDependencies": {
        "@types/webmidi": "^2.0.6"
      }
    },
    "node_modules/@types/webmidi": {
      "version": "2.0.6",
      "resolved": "https://registry.npmjs.org/@types/webmidi/-/webmidi-2.0.6.tgz",
      "integrity": "sha512-sfS0A5IryqmBrUpcGPipEPeFdpqmZzP6b6lZFxHKgz5n2Vhzh4yJ5P2TvoDUhDjqJyv0Y25ng0Qodgo2Vu08ug==",
      "dev": true
    }
  },
  "dependencies": {
    "@types/webmidi": {
      "version": "2.0.6",
      "resolved": "https://registry.npmjs.org/@types/webmidi/-/webmidi-2.0.6.tgz",
      "integrity": "sha512-sfS0A5IryqmBrUpcGPipEPeFdpqmZzP6b6lZFxHKgz5n2Vhzh4yJ5P2TvoDUhDjqJyv0Y25ng0Qodgo2Vu08ug==",
      "dev": true
    }
  }
}
